
Microsoft Visual Studio Solution File, Format Version 12.00
# Visual Studio Version 17
VisualStudioVersion = 17.13.35913.81 d17.13
MinimumVisualStudioVersion = 10.0.40219.1
Project("{FAE04EC0-301F-11D3-BF4B-00C04F79EFBC}") = "apiTesteOrders", "apiTesteOrders.csproj", "{0D255AF8-FE02-4E14-8D0E-096CD81F1C62}"
EndProject
Global
	GlobalSection(SolutionConfigurationPlatforms) = preSolution
		Debug|Any CPU = Debug|Any CPU
		Release|Any CPU = Release|Any CPU
	EndGlobalSection
	GlobalSection(ProjectConfigurationPlatforms) = postSolution
		{0D255AF8-FE02-4E14-8D0E-096CD81F1C62}.Debug|Any CPU.ActiveCfg = Debug|Any CPU
		{0D255AF8-FE02-4E14-8D0E-096CD81F1C62}.Debug|Any CPU.Build.0 = Debug|Any CPU
		{0D255AF8-FE02-4E14-8D0E-096CD81F1C62}.Release|Any CPU.ActiveCfg = Release|Any CPU
		{0D255AF8-FE02-4E14-8D0E-096CD81F1C62}.Release|Any CPU.Build.0 = Release|Any CPU
	EndGlobalSection
	GlobalSection(SolutionProperties) = preSolution
		HideSolutionNode = FALSE
	EndGlobalSection
	GlobalSection(ExtensibilityGlobals) = postSolution
		SolutionGuid = {D7C9272F-7A99-4C8A-A12A-D41310D5E9A6}
	EndGlobalSection
EndGlobal
